hash: 83a339617ee937452586ab16e571114c9a7b1262e0e94fd6b20596372c6169b8
updated: 2016-05-27T12:32:55.616963486-07:00
imports:
- name: github.com/containernetworking/cni
  version: ffff8ac2fd79a5a26690f13a76aadcd3ad431879
  subpackages:
  - pkg/ip
  - pkg/ipam
  - pkg/ns
  - pkg/skel
  - pkg/types
  - pkg/invoke
- name: github.com/coreos/etcd
  version: d8f325dabf429c449e0beb8cde843d4a8f53211d
  subpackages:
  - client
  - pkg/pathutil
  - pkg/types
- name: github.com/coreos/go-iptables
  version: fbb73372b87f6e89951c2b6b31470c2c9d5cfae3
  subpackages:
  - iptables
- name: github.com/projectcalico/libcalico
  version: a0fe0e3fa29e8ea9cf6d0a4976f60c94c77db97c
  repo: git@github.com:tomdee/libcalico.git
  vcs: git
  subpackages:
  - lib
- name: github.com/satori/go.uuid
  version: f9ab0dce87d815821e221626b772e3475a0d2749
- name: github.com/ugorji/go
  version: a396ed22fc049df733440d90efe17475e3929ccb
  subpackages:
  - codec
- name: github.com/vishvananda/netlink
  version: ecf47fd5739b3d2c3daf7c89c4b9715a2605c21b
  subpackages:
  - nl
- name: golang.org/x/net
  version: 30db96677b74e24b967e23f911eb3364fc61a011
  subpackages:
  - context
- name: golang.org/x/sys
  version: e11762ca30adc5b39fdbfd8c4250dabeb8e456d3
  subpackages:
  - unix
devImports: []
